
Microsoft Visual Studio Solution File, Format Version 12.00
# Visual Studio Version 16
VisualStudioVersion = 16.0.31205.134
MinimumVisualStudioVersion = 10.0.40219.1
Project("{FAE04EC0-301F-11D3-BF4B-00C04F79EFBC}") = "KeyboardProjectAppSimple", "KeyboardProjectAppSimple.csproj", "{7236E19E-BBB7-4307-A9B2-19E48EFC6F46}"
EndProject
Project("{FAE04EC0-301F-11D3-BF4B-00C04F79EFBC}") = "UnitTestKeyboardProjectSimple", "..\UnitTestKeyboardProjectSimple\UnitTestKeyboardProjectSimple.csproj", "{DB4A25C3-B424-44F0-A47A-D007E5363FB9}"
EndProject
Global
	GlobalSection(SolutionConfigurationPlatforms) = preSolution
		Debug|Any CPU = Debug|Any CPU
		Release|Any CPU = Release|Any CPU
	EndGlobalSection
	GlobalSection(ProjectConfigurationPlatforms) = postSolution
		{7236E19E-BBB7-4307-A9B2-19E48EFC6F46}.Debug|Any CPU.ActiveCfg = Debug|Any CPU
		{7236E19E-BBB7-4307-A9B2-19E48EFC6F46}.Debug|Any CPU.Build.0 = Debug|Any CPU
		{7236E19E-BBB7-4307-A9B2-19E48EFC6F46}.Release|Any CPU.ActiveCfg = Release|Any CPU
		{7236E19E-BBB7-4307-A9B2-19E48EFC6F46}.Release|Any CPU.Build.0 = Release|Any CPU
		{DB4A25C3-B424-44F0-A47A-D007E5363FB9}.Debug|Any CPU.ActiveCfg = Debug|Any CPU
		{DB4A25C3-B424-44F0-A47A-D007E5363FB9}.Debug|Any CPU.Build.0 = Debug|Any CPU
		{DB4A25C3-B424-44F0-A47A-D007E5363FB9}.Release|Any CPU.ActiveCfg = Release|Any CPU
		{DB4A25C3-B424-44F0-A47A-D007E5363FB9}.Release|Any CPU.Build.0 = Release|Any CPU
	EndGlobalSection
	GlobalSection(SolutionProperties) = preSolution
		HideSolutionNode = FALSE
	EndGlobalSection
	GlobalSection(ExtensibilityGlobals) = postSolution
		SolutionGuid = {2A093CC6-3B76-40C5-AD34-548EE97B4B1B}
	EndGlobalSection
EndGlobal
